
Microsoft Visual Studio Solution File, Format Version 12.00
# Visual Studio 2013
VisualStudioVersion = 12.0.31101.0
MinimumVisualStudioVersion = 10.0.40219.1
Project("{8BC9CEB8-8B4A-11D0-8D11-00A0C91BC942}") = "example", "example.vcxproj", "{E11C255D-B510-4400-B0D0-781CB9C597E7}"
EndProject
Project("{8BC9CEB8-8B4A-11D0-8D11-00A0C91BC942}") = "minigzip", "minigzip.vcxproj", "{5265E2F1-EFC4-48D1-9E5B-63D0F1202B0A}"
EndProject
Project("{8BC9CEB8-8B4A-11D0-8D11-00A0C91BC942}") = "zlib", "zlib.vcxproj", "{8966C433-3D38-460E-BD29-42C2CCCCD497}"
EndProject
Global
	GlobalSection(SolutionConfigurationPlatforms) = preSolution
		DLL ASM Debug|Win32 = DLL ASM Debug|Win32
		DLL ASM Debug|x64 = DLL ASM Debug|x64
		DLL ASM Release|Win32 = DLL ASM Release|Win32
		DLL ASM Release|x64 = DLL ASM Release|x64
		DLL Debug|Win32 = DLL Debug|Win32
		DLL Debug|x64 = DLL Debug|x64
		DLL Release|Win32 = DLL Release|Win32
		DLL Release|x64 = DLL Release|x64
		LIB ASM Debug|Win32 = LIB ASM Debug|Win32
		LIB ASM Debug|x64 = LIB ASM Debug|x64
		LIB ASM Release|Win32 = LIB ASM Release|Win32
		LIB ASM Release|x64 = LIB ASM Release|x64
		LIB Debug|Win32 = LIB Debug|Win32
		LIB Debug|x64 = LIB Debug|x64
		LIB Release|Win32 = LIB Release|Win32
		LIB Release|x64 = LIB Release|x64
		Template|Win32 = Template|Win32
		Template|x64 = Template|x64
	EndGlobalSection
	GlobalSection(ProjectConfigurationPlatforms) = postSolution
		{E11C255D-B510-4400-B0D0-781CB9C597E7}.DLL ASM Debug|Win32.ActiveCfg = DLL ASM Debug|Win32
		{E11C255D-B510-4400-B0D0-781CB9C597E7}.DLL ASM Debug|Win32.Build.0 = DLL ASM Debug|Win32
		{E11C255D-B510-4400-B0D0-781CB9C597E7}.DLL ASM Debug|x64.ActiveCfg = DLL ASM Debug|x64
		{E11C255D-B510-4400-B0D0-781CB9C597E7}.DLL ASM Debug|x64.Build.0 = DLL ASM Debug|x64
		{E11C255D-B510-4400-B0D0-781CB9C597E7}.DLL ASM Release|Win32.ActiveCfg = DLL ASM Release|Win32
		{E11C255D-B510-4400-B0D0-781CB9C597E7}.DLL ASM Release|Win32.Build.0 = DLL ASM Release|Win32
		{E11C255D-B510-4400-B0D0-781CB9C597E7}.DLL ASM Release|x64.ActiveCfg = DLL ASM Release|x64
		{E11C255D-B510-4400-B0D0-781CB9C597E7}.DLL ASM Release|x64.Build.0 = DLL ASM Release|x64
		{E11C255D-B510-4400-B0D0-781CB9C597E7}.DLL Debug|Win32.ActiveCfg = DLL Debug|Win32
		{E11C255D-B510-4400-B0D0-781CB9C597E7}.DLL Debug|Win32.Build.0 = DLL Debug|Win32
		{E11C255D-B510-4400-B0D0-781CB9C597E7}.DLL Debug|x64.ActiveCfg = DLL Debug|x64
		{E11C255D-B510-4400-B0D0-781CB9C597E7}.DLL Debug|x64.Build.0 = DLL Debug|x64
		{E11C255D-B510-4400-B0D0-781CB9C597E7}.DLL Release|Win32.ActiveCfg = DLL Release|Win32
		{E11C255D-B510-4400-B0D0-781CB9C597E7}.DLL Release|Win32.Build.0 = DLL Release|Win32
		{E11C255D-B510-4400-B0D0-781CB9C597E7}.DLL Release|x64.ActiveCfg = DLL Release|x64
		{E11C255D-B510-4400-B0D0-781CB9C597E7}.DLL Release|x64.Build.0 = DLL Release|x64
		{E11C255D-B510-4400-B0D0-781CB9C597E7}.LIB ASM Debug|Win32.ActiveCfg = LIB ASM Debug|Win32
		{E11C255D-B510-4400-B0D0-781CB9C597E7}.LIB ASM Debug|Win32.Build.0 = LIB ASM Debug|Win32
		{E11C255D-B510-4400-B0D0-781CB9C597E7}.LIB ASM Debug|x64.ActiveCfg = LIB ASM Debug|x64
		{E11C255D-B510-4400-B0D0-781CB9C597E7}.LIB ASM Debug|x64.Build.0 = LIB ASM Debug|x64
		{E11C255D-B510-4400-B0D0-781CB9C597E7}.LIB ASM Release|Win32.ActiveCfg = LIB ASM Release|Win32
		{E11C255D-B510-4400-B0D0-781CB9C597E7}.LIB ASM Release|Win32.Build.0 = LIB ASM Release|Win32
		{E11C255D-B510-4400-B0D0-781CB9C597E7}.LIB ASM Release|x64.ActiveCfg = LIB ASM Release|x64
		{E11C255D-B510-4400-B0D0-781CB9C597E7}.LIB ASM Release|x64.Build.0 = LIB ASM Release|x64
		{E11C255D-B510-4400-B0D0-781CB9C597E7}.LIB Debug|Win32.ActiveCfg = LIB Debug|Win32
		{E11C255D-B510-4400-B0D0-781CB9C597E7}.LIB Debug|Win32.Build.0 = LIB Debug|Win32
		{E11C255D-B510-4400-B0D0-781CB9C597E7}.LIB Debug|x64.ActiveCfg = LIB Debug|x64
		{E11C255D-B510-4400-B0D0-781CB9C597E7}.LIB Debug|x64.Build.0 = LIB Debug|x64
		{E11C255D-B510-4400-B0D0-781CB9C597E7}.LIB Release|Win32.ActiveCfg = LIB Release|Win32
		{E11C255D-B510-4400-B0D0-781CB9C597E7}.LIB Release|Win32.Build.0 = LIB Release|Win32
		{E11C255D-B510-4400-B0D0-781CB9C597E7}.LIB Release|x64.ActiveCfg = LIB Release|x64
		{E11C255D-B510-4400-B0D0-781CB9C597E7}.LIB Release|x64.Build.0 = LIB Release|x64
		{E11C255D-B510-4400-B0D0-781CB9C597E7}.Template|Win32.ActiveCfg = DLL ASM Debug|Win32
		{E11C255D-B510-4400-B0D0-781CB9C597E7}.Template|Win32.Build.0 = DLL ASM Debug|Win32
		{E11C255D-B510-4400-B0D0-781CB9C597E7}.Template|x64.ActiveCfg = DLL ASM Debug|x64
		{E11C255D-B510-4400-B0D0-781CB9C597E7}.Template|x64.Build.0 = DLL ASM Debug|x64
		{5265E2F1-EFC4-48D1-9E5B-63D0F1202B0A}.DLL ASM Debug|Win32.ActiveCfg = DLL ASM Debug|Win32
		{5265E2F1-EFC4-48D1-9E5B-63D0F1202B0A}.DLL ASM Debug|Win32.Build.0 = DLL ASM Debug|Win32
		{5265E2F1-EFC4-48D1-9E5B-63D0F1202B0A}.DLL ASM Debug|x64.ActiveCfg = DLL ASM Debug|x64
		{5265E2F1-EFC4-48D1-9E5B-63D0F1202B0A}.DLL ASM Debug|x64.Build.0 = DLL ASM Debug|x64
		{5265E2F1-EFC4-48D1-9E5B-63D0F1202B0A}.DLL ASM Release|Win32.ActiveCfg = DLL ASM Release|Win32
		{5265E2F1-EFC4-48D1-9E5B-63D0F1202B0A}.DLL ASM Release|Win32.Build.0 = DLL ASM Release|Win32
		{5265E2F1-EFC4-48D1-9E5B-63D0F1202B0A}.DLL ASM Release|x64.ActiveCfg = DLL ASM Release|x64
		{5265E2F1-EFC4-48D1-9E5B-63D0F1202B0A}.DLL ASM Release|x64.Build.0 = DLL ASM Release|x64
		{5265E2F1-EFC4-48D1-9E5B-63D0F1202B0A}.DLL Debug|Win32.ActiveCfg = DLL Debug|Win32
		{5265E2F1-EFC4-48D1-9E5B-63D0F1202B0A}.DLL Debug|Win32.Build.0 = DLL Debug|Win32
		{5265E2F1-EFC4-48D1-9E5B-63D0F1202B0A}.DLL Debug|x64.ActiveCfg = DLL Debug|x64
		{5265E2F1-EFC4-48D1-9E5B-63D0F1202B0A}.DLL Debug|x64.Build.0 = DLL Debug|x64
		{5265E2F1-EFC4-48D1-9E5B-63D0F1202B0A}.DLL Release|Win32.ActiveCfg = DLL Release|Win32
		{5265E2F1-EFC4-48D1-9E5B-63D0F1202B0A}.DLL Release|Win32.Build.0 = DLL Release|Win32
		{5265E2F1-EFC4-48D1-9E5B-63D0F1202B0A}.DLL Release|x64.ActiveCfg = DLL Release|x64
		{5265E2F1-EFC4-48D1-9E5B-63D0F1202B0A}.DLL Release|x64.Build.0 = DLL Release|x64
		{5265E2F1-EFC4-48D1-9E5B-63D0F1202B0A}.LIB ASM Debug|Win32.ActiveCfg = LIB ASM Debug|Win32
		{5265E2F1-EFC4-48D1-9E5B-63D0F1202B0A}.LIB ASM Debug|Win32.Build.0 = LIB ASM Debug|Win32
		{5265E2F1-EFC4-48D1-9E5B-63D0F1202B0A}.LIB ASM Debug|x64.ActiveCfg = LIB ASM Debug|x64
		{5265E2F1-EFC4-48D1-9E5B-63D0F1202B0A}.LIB ASM Debug|x64.Build.0 = LIB ASM Debug|x64
		{5265E2F1-EFC4-48D1-9E5B-63D0F1202B0A}.LIB ASM Release|Win32.ActiveCfg = LIB ASM Release|Win32
		{5265E2F1-EFC4-48D1-9E5B-63D0F1202B0A}.LIB ASM Release|Win32.Build.0 = LIB ASM Release|Win32
		{5265E2F1-EFC4-48D1-9E5B-63D0F1202B0A}.LIB ASM Release|x64.ActiveCfg = LIB ASM Release|x64
		{5265E2F1-EFC4-48D1-9E5B-63D0F1202B0A}.LIB ASM Release|x64.Build.0 = LIB ASM Release|x64
		{5265E2F1-EFC4-48D1-9E5B-63D0F1202B0A}.LIB Debug|Win32.ActiveCfg = LIB Debug|Win32
		{5265E2F1-EFC4-48D1-9E5B-63D0F1202B0A}.LIB Debug|Win32.Build.0 = LIB Debug|Win32
		{5265E2F1-EFC4-48D1-9E5B-63D0F1202B0A}.LIB Debug|x64.ActiveCfg = LIB Debug|x64
		{5265E2F1-EFC4-48D1-9E5B-63D0F1202B0A}.LIB Debug|x64.Build.0 = LIB Debug|x64
		{5265E2F1-EFC4-48D1-9E5B-63D0F1202B0A}.LIB Release|Win32.ActiveCfg = LIB Release|Win32
		{5265E2F1-EFC4-48D1-9E5B-63D0F1202B0A}.LIB Release|Win32.Build.0 = LIB Release|Win32
		{5265E2F1-EFC4-48D1-9E5B-63D0F1202B0A}.LIB Release|x64.ActiveCfg = LIB Release|x64
		{5265E2F1-EFC4-48D1-9E5B-63D0F1202B0A}.LIB Release|x64.Build.0 = LIB Release|x64
		{5265E2F1-EFC4-48D1-9E5B-63D0F1202B0A}.Template|Win32.ActiveCfg = Template|Win32
		{5265E2F1-EFC4-48D1-9E5B-63D0F1202B0A}.Template|Win32.Build.0 = Template|Win32
		{5265E2F1-EFC4-48D1-9E5B-63D0F1202B0A}.Template|x64.ActiveCfg = Template|x64
		{5265E2F1-EFC4-48D1-9E5B-63D0F1202B0A}.Template|x64.Build.0 = Template|x64
		{8966C433-3D38-460E-BD29-42C2CCCCD497}.DLL ASM Debug|Win32.ActiveCfg = DLL ASM Debug|Win32
		{8966C433-3D38-460E-BD29-42C2CCCCD497}.DLL ASM Debug|Win32.Build.0 = DLL ASM Debug|Win32
		{8966C433-3D38-460E-BD29-42C2CCCCD497}.DLL ASM Debug|x64.ActiveCfg = DLL ASM Debug|x64
		{8966C433-3D38-460E-BD29-42C2CCCCD497}.DLL ASM Debug|x64.Build.0 = DLL ASM Debug|x64
		{8966C433-3D38-460E-BD29-42C2CCCCD497}.DLL ASM Release|Win32.ActiveCfg = DLL ASM Release|Win32
		{8966C433-3D38-460E-BD29-42C2CCCCD497}.DLL ASM Release|Win32.Build.0 = DLL ASM Release|Win32
		{8966C433-3D38-460E-BD29-42C2CCCCD497}.DLL ASM Release|x64.ActiveCfg = DLL ASM Release|x64
		{8966C433-3D38-460E-BD29-42C2CCCCD497}.DLL ASM Release|x64.Build.0 = DLL ASM Release|x64
		{8966C433-3D38-460E-BD29-42C2CCCCD497}.DLL Debug|Win32.ActiveCfg = DLL Debug|Win32
		{8966C433-3D38-460E-BD29-42C2CCCCD497}.DLL Debug|Win32.Build.0 = DLL Debug|Win32
		{8966C433-3D38-460E-BD29-42C2CCCCD497}.DLL Debug|x64.ActiveCfg = DLL Debug|x64
		{8966C433-3D38-460E-BD29-42C2CCCCD497}.DLL Debug|x64.Build.0 = DLL Debug|x64
		{8966C433-3D38-460E-BD29-42C2CCCCD497}.DLL Release|Win32.ActiveCfg = DLL Release|Win32
		{8966C433-3D38-460E-BD29-42C2CCCCD497}.DLL Release|Win32.Build.0 = DLL Release|Win32
		{8966C433-3D38-460E-BD29-42C2CCCCD497}.DLL Release|x64.ActiveCfg = DLL Release|x64
		{8966C433-3D38-460E-BD29-42C2CCCCD497}.DLL Release|x64.Build.0 = DLL Release|x64
		{8966C433-3D38-460E-BD29-42C2CCCCD497}.LIB ASM Debug|Win32.ActiveCfg = LIB ASM Debug|Win32
		{8966C433-3D38-460E-BD29-42C2CCCCD497}.LIB ASM Debug|Win32.Build.0 = LIB ASM Debug|Win32
		{8966C433-3D38-460E-BD29-42C2CCCCD497}.LIB ASM Debug|x64.ActiveCfg = LIB ASM Debug|x64
		{8966C433-3D38-460E-BD29-42C2CCCCD497}.LIB ASM Debug|x64.Build.0 = LIB ASM Debug|x64
		{8966C433-3D38-460E-BD29-42C2CCCCD497}.LIB ASM Release|Win32.ActiveCfg = LIB ASM Release|Win32
		{8966C433-3D38-460E-BD29-42C2CCCCD497}.LIB ASM Release|Win32.Build.0 = LIB ASM Release|Win32
		{8966C433-3D38-460E-BD29-42C2CCCCD497}.LIB ASM Release|x64.ActiveCfg = LIB ASM Release|x64
		{8966C433-3D38-460E-BD29-42C2CCCCD497}.LIB ASM Release|x64.Build.0 = LIB ASM Release|x64
		{8966C433-3D38-460E-BD29-42C2CCCCD497}.LIB Debug|Win32.ActiveCfg = LIB Debug|Win32
		{8966C433-3D38-460E-BD29-42C2CCCCD497}.LIB Debug|Win32.Build.0 = LIB Debug|Win32
		{8966C433-3D38-460E-BD29-42C2CCCCD497}.LIB Debug|x64.ActiveCfg = LIB Debug|x64
		{8966C433-3D38-460E-BD29-42C2CCCCD497}.LIB Debug|x64.Build.0 = LIB Debug|x64
		{8966C433-3D38-460E-BD29-42C2CCCCD497}.LIB Release|Win32.ActiveCfg = LIB Release|Win32
		{8966C433-3D38-460E-BD29-42C2CCCCD497}.LIB Release|Win32.Build.0 = LIB Release|Win32
		{8966C433-3D38-460E-BD29-42C2CCCCD497}.LIB Release|x64.ActiveCfg = LIB Release|x64
		{8966C433-3D38-460E-BD29-42C2CCCCD497}.LIB Release|x64.Build.0 = LIB Release|x64
		{8966C433-3D38-460E-BD29-42C2CCCCD497}.Template|Win32.ActiveCfg = Template|Win32
		{8966C433-3D38-460E-BD29-42C2CCCCD497}.Template|Win32.Build.0 = Template|Win32
		{8966C433-3D38-460E-BD29-42C2CCCCD497}.Template|x64.ActiveCfg = Template|x64
		{8966C433-3D38-460E-BD29-42C2CCCCD497}.Template|x64.Build.0 = Template|x64
	EndGlobalSection
	GlobalSection(SolutionProperties) = preSolution
		HideSolutionNode = FALSE
	EndGlobalSection
EndGlobal
